
Microsoft Visual Studio Solution File, Format Version 12.00
# Visual Studio Version 17
VisualStudioVersion = 17.2.32210.308
MinimumVisualStudioVersion = 10.0.40219.1
Project("{2150E333-8FDC-42A3-9474-1A3956D46DE8}") = "Micro.Hotel.API", "Micro.Hotel.API", "{F7A6A870-5B01-4916-8A66-C9370E9430E0}"
EndProject
Project("{9A19103F-16F7-4668-BE54-9A1E7A4F7556}") = "Micro.Hotel.API", "Micro.Hotel.API\Micro.Hotel.API.csproj", "{B6DE1533-6515-4AAE-B55B-41EAD732DC62}"
EndProject
Project("{2150E333-8FDC-42A3-9474-1A3956D46DE8}") = "Micro.Order.API", "Micro.Order.API", "{26505A1F-9896-4C64-B4F9-8D3DE03958BC}"
EndProject
Project("{9A19103F-16F7-4668-BE54-9A1E7A4F7556}") = "Micro.Order.API", "Micro.Order.API\Micro.Order.API.csproj", "{96755A63-E948-4F08-A6C3-748A9445EF1B}"
EndProject
Project("{FAE04EC0-301F-11D3-BF4B-00C04F79EFBC}") = "Micro.Public.API", "Micro.Public.API\Micro.Public.API.csproj", "{F4EED9C1-E3E8-4C1B-B520-898CC9759656}"
EndProject
Global
	GlobalSection(SolutionConfigurationPlatforms) = preSolution
		Debug|Any CPU = Debug|Any CPU
		Release|Any CPU = Release|Any CPU
	EndGlobalSection
	GlobalSection(ProjectConfigurationPlatforms) = postSolution
		{B6DE1533-6515-4AAE-B55B-41EAD732DC62}.Debug|Any CPU.ActiveCfg = Debug|Any CPU
		{B6DE1533-6515-4AAE-B55B-41EAD732DC62}.Debug|Any CPU.Build.0 = Debug|Any CPU
		{B6DE1533-6515-4AAE-B55B-41EAD732DC62}.Release|Any CPU.ActiveCfg = Release|Any CPU
		{B6DE1533-6515-4AAE-B55B-41EAD732DC62}.Release|Any CPU.Build.0 = Release|Any CPU
		{96755A63-E948-4F08-A6C3-748A9445EF1B}.Debug|Any CPU.ActiveCfg = Debug|Any CPU
		{96755A63-E948-4F08-A6C3-748A9445EF1B}.Debug|Any CPU.Build.0 = Debug|Any CPU
		{96755A63-E948-4F08-A6C3-748A9445EF1B}.Release|Any CPU.ActiveCfg = Release|Any CPU
		{96755A63-E948-4F08-A6C3-748A9445EF1B}.Release|Any CPU.Build.0 = Release|Any CPU
		{F4EED9C1-E3E8-4C1B-B520-898CC9759656}.Debug|Any CPU.ActiveCfg = Debug|Any CPU
		{F4EED9C1-E3E8-4C1B-B520-898CC9759656}.Debug|Any CPU.Build.0 = Debug|Any CPU
		{F4EED9C1-E3E8-4C1B-B520-898CC9759656}.Release|Any CPU.ActiveCfg = Release|Any CPU
		{F4EED9C1-E3E8-4C1B-B520-898CC9759656}.Release|Any CPU.Build.0 = Release|Any CPU
	EndGlobalSection
	GlobalSection(SolutionProperties) = preSolution
		HideSolutionNode = FALSE
	EndGlobalSection
	GlobalSection(NestedProjects) = preSolution
		{B6DE1533-6515-4AAE-B55B-41EAD732DC62} = {F7A6A870-5B01-4916-8A66-C9370E9430E0}
		{96755A63-E948-4F08-A6C3-748A9445EF1B} = {26505A1F-9896-4C64-B4F9-8D3DE03958BC}
	EndGlobalSection
	GlobalSection(ExtensibilityGlobals) = postSolution
		SolutionGuid = {C247C2C8-6937-4E8E-8D00-5853EB8CDC7F}
	EndGlobalSection
EndGlobal
