
Microsoft Visual Studio Solution File, Format Version 12.00
# Visual Studio Version 17
VisualStudioVersion = 17.2.32210.308
MinimumVisualStudioVersion = 10.0.40219.1
Project("{2150E333-8FDC-42A3-9474-1A3956D46DE8}") = "Micro.Hotel.API", "Micro.Hotel.API", "{F7A6A870-5B01-4916-8A66-C9370E9430E0}"
EndProject
Project("{9A19103F-16F7-4668-BE54-9A1E7A4F7556}") = "Micro.Hotel.API", "Micro.Hotel.API\Micro.Hotel.API.csproj", "{B6DE1533-6515-4AAE-B55B-41EAD732DC62}"
EndProject
Project("{2150E333-8FDC-42A3-9474-1A3956D46DE8}") = "Micro.Order.API", "Micro.Order.API", "{26505A1F-9896-4C64-B4F9-8D3DE03958BC}"
EndProject
Project("{9A19103F-16F7-4668-BE54-9A1E7A4F7556}") = "Micro.Order.API", "Micro.Order.API\Micro.Order.API.csproj", "{96755A63-E948-4F08-A6C3-748A9445EF1B}"
EndProject
Project("{2150E333-8FDC-42A3-9474-1A3956D46DE8}") = "K8S.Yaml", "K8S.Yaml", "{9DB1F132-CB6B-434F-A1AD-451C6D2979B5}"
	ProjectSection(SolutionItems) = preProject
		3.service.all.pod.dapr.yaml = 3.service.all.pod.dapr.yaml
	EndProjectSection
EndProject
Project("{2150E333-8FDC-42A3-9474-1A3956D46DE8}") = "1.pod", "1.pod", "{922BF130-AFED-4123-A648-4F076062C75D}"
	ProjectSection(SolutionItems) = preProject
		K8S.Yaml\1.pod\1.1.pod.hotel.yaml = K8S.Yaml\1.pod\1.1.pod.hotel.yaml
		K8S.Yaml\1.pod\1.2.namespace.yaml = K8S.Yaml\1.pod\1.2.namespace.yaml
		K8S.Yaml\1.pod\1.3.pod.two.container.resources.yaml = K8S.Yaml\1.pod\1.3.pod.two.container.resources.yaml
		K8S.Yaml\1.pod\1.4.pod.two.container.livenessProbe.yaml = K8S.Yaml\1.pod\1.4.pod.two.container.livenessProbe.yaml
		K8S.Yaml\1.pod\1.5.pod.two.container.senior.yaml = K8S.Yaml\1.pod\1.5.pod.two.container.senior.yaml
	EndProjectSection
EndProject
Project("{2150E333-8FDC-42A3-9474-1A3956D46DE8}") = "3.service", "3.service", "{1469BE78-2027-4EBC-9055-0740BEC59280}"
	ProjectSection(SolutionItems) = preProject
		K8S.Yaml\3.service\3.1.service.hotel.yaml = K8S.Yaml\3.service\3.1.service.hotel.yaml
		K8S.Yaml\3.service\3.2.service.hotel.nodeport.yaml = K8S.Yaml\3.service\3.2.service.hotel.nodeport.yaml
	EndProjectSection
EndProject
Project("{2150E333-8FDC-42A3-9474-1A3956D46DE8}") = "2.deployment", "2.deployment", "{AC641C69-2B69-4DE9-8F80-1E5E65226E2F}"
	ProjectSection(SolutionItems) = preProject
		K8S.Yaml\2.deployment\2.0.deploy.yaml = K8S.Yaml\2.deployment\2.0.deploy.yaml
		K8S.Yaml\2.deployment\2.1.deploy.hotel.yaml = K8S.Yaml\2.deployment\2.1.deploy.hotel.yaml
		K8S.Yaml\2.deployment\2.2.deploy.hotel.container.yaml = K8S.Yaml\2.deployment\2.2.deploy.hotel.container.yaml
	EndProjectSection
EndProject
Project("{2150E333-8FDC-42A3-9474-1A3956D46DE8}") = "4.ingress", "4.ingress", "{60193563-244B-4F1F-89D2-34C6EEDDCF7E}"
	ProjectSection(SolutionItems) = preProject
		K8S.Yaml\4.ingress\4.0.ingress.yaml = K8S.Yaml\4.ingress\4.0.ingress.yaml
		K8S.Yaml\4.ingress\4.1.ingress.hotel.nginx.yaml = K8S.Yaml\4.ingress\4.1.ingress.hotel.nginx.yaml
		K8S.Yaml\4.ingress\4.2.ingress.hotel.nginx.ssl.yaml = K8S.Yaml\4.ingress\4.2.ingress.hotel.nginx.ssl.yaml
	EndProjectSection
EndProject
Project("{2150E333-8FDC-42A3-9474-1A3956D46DE8}") = "5.horizontalPodAutoscaler", "5.horizontalPodAutoscaler", "{C58BA7AB-71CA-4359-A6CE-54B4833B26DF}"
	ProjectSection(SolutionItems) = preProject
		K8S.Yaml\5.horizontalPodAutoscaler\5.1.hpa.hotel.yaml = K8S.Yaml\5.horizontalPodAutoscaler\5.1.hpa.hotel.yaml
		K8S.Yaml\5.horizontalPodAutoscaler\5.2.hpa.hotel.senior.yaml = K8S.Yaml\5.horizontalPodAutoscaler\5.2.hpa.hotel.senior.yaml
	EndProjectSection
EndProject
Project("{2150E333-8FDC-42A3-9474-1A3956D46DE8}") = "6.ResourceQuota", "6.ResourceQuota", "{B187012A-7A28-46C6-956C-D959EEA77E01}"
	ProjectSection(SolutionItems) = preProject
		K8S.Yaml\6.ResourceQuota\6.1.rq.homeinns.pms.yaml = K8S.Yaml\6.ResourceQuota\6.1.rq.homeinns.pms.yaml
		K8S.Yaml\6.ResourceQuota\6.2.rq.homeinns.pms.senior.yaml = K8S.Yaml\6.ResourceQuota\6.2.rq.homeinns.pms.senior.yaml
		K8S.Yaml\6.ResourceQuota\6.3.rq.homeinns.pms.senior.tenant.yaml = K8S.Yaml\6.ResourceQuota\6.3.rq.homeinns.pms.senior.tenant.yaml
	EndProjectSection
EndProject
Project("{2150E333-8FDC-42A3-9474-1A3956D46DE8}") = "7.Schedule", "7.Schedule", "{C2827D1E-00FA-43E9-BF1C-CCA17BB8FF90}"
	ProjectSection(SolutionItems) = preProject
		K8S.Yaml\7.Schedule\7.0.node.labels.taint.yaml = K8S.Yaml\7.Schedule\7.0.node.labels.taint.yaml
		K8S.Yaml\7.Schedule\7.1.schedule.pod.yaml = K8S.Yaml\7.Schedule\7.1.schedule.pod.yaml
		K8S.Yaml\7.Schedule\7.2.schedule.pod.affinity.yaml = K8S.Yaml\7.Schedule\7.2.schedule.pod.affinity.yaml
		K8S.Yaml\7.Schedule\7.3.schedule.pod.tolerations.yaml = K8S.Yaml\7.Schedule\7.3.schedule.pod.tolerations.yaml
	EndProjectSection
EndProject
Project("{2150E333-8FDC-42A3-9474-1A3956D46DE8}") = "8.Storage", "8.Storage", "{AD05F81A-A93A-41D3-BBCD-02A79C616157}"
	ProjectSection(SolutionItems) = preProject
		K8S.Yaml\8.Storage\8.0.storage.nfs.yaml = K8S.Yaml\8.Storage\8.0.storage.nfs.yaml
		K8S.Yaml\8.Storage\8.1.emptydir.pod.yaml = K8S.Yaml\8.Storage\8.1.emptydir.pod.yaml
		K8S.Yaml\8.Storage\8.2.hostPath.pod.yaml = K8S.Yaml\8.Storage\8.2.hostPath.pod.yaml
		K8S.Yaml\8.Storage\8.3.nfs.deployment.yaml = K8S.Yaml\8.Storage\8.3.nfs.deployment.yaml
	EndProjectSection
EndProject
Project("{2150E333-8FDC-42A3-9474-1A3956D46DE8}") = "9.PV-PVC-StorageClass", "9.PV-PVC-StorageClass", "{4279ACD2-3969-437C-A4F4-0FC4D532105C}"
	ProjectSection(SolutionItems) = preProject
		K8S.Yaml\9.PV-PVC-StorageClass\9.0.pv.pvc.storageClass.yaml = K8S.Yaml\9.PV-PVC-StorageClass\9.0.pv.pvc.storageClass.yaml
		K8S.Yaml\9.PV-PVC-StorageClass\9.1.PersistentVolume.hotel.yaml = K8S.Yaml\9.PV-PVC-StorageClass\9.1.PersistentVolume.hotel.yaml
		K8S.Yaml\9.PV-PVC-StorageClass\9.2.PersistentVolumeClaim.hotel.yaml = K8S.Yaml\9.PV-PVC-StorageClass\9.2.PersistentVolumeClaim.hotel.yaml
		K8S.Yaml\9.PV-PVC-StorageClass\9.3.PersistentVolumeClaim.hotel.pod.yaml = K8S.Yaml\9.PV-PVC-StorageClass\9.3.PersistentVolumeClaim.hotel.pod.yaml
		K8S.Yaml\9.PV-PVC-StorageClass\9.4.a.StorageClass.NFS.RABC.yaml = K8S.Yaml\9.PV-PVC-StorageClass\9.4.a.StorageClass.NFS.RABC.yaml
		K8S.Yaml\9.PV-PVC-StorageClass\9.4.b.StorageClass.hotel.deploy.yaml = K8S.Yaml\9.PV-PVC-StorageClass\9.4.b.StorageClass.hotel.deploy.yaml
	EndProjectSection
EndProject
Project("{2150E333-8FDC-42A3-9474-1A3956D46DE8}") = "a10.ConfigMap", "a10.ConfigMap", "{8589EDD3-BC9D-45E4-AC2B-4F7F91694701}"
	ProjectSection(SolutionItems) = preProject
		K8S.Yaml\a10.ConfigMap\10.0.configmap.yaml = K8S.Yaml\a10.ConfigMap\10.0.configmap.yaml
		K8S.Yaml\a10.ConfigMap\10.1.configMap.yaml = K8S.Yaml\a10.ConfigMap\10.1.configMap.yaml
		K8S.Yaml\a10.ConfigMap\10.2.configMap.pod.yaml = K8S.Yaml\a10.ConfigMap\10.2.configMap.pod.yaml
	EndProjectSection
EndProject
Project("{2150E333-8FDC-42A3-9474-1A3956D46DE8}") = "a11.Secret", "a11.Secret", "{A9938399-3098-4A9E-B3AF-EBCC646A58EA}"
	ProjectSection(SolutionItems) = preProject
		K8S.Yaml\a11.Secret\11.1.Secret.yaml = K8S.Yaml\a11.Secret\11.1.Secret.yaml
		K8S.Yaml\a11.Secret\11.2.Secret.pod.yaml = K8S.Yaml\a11.Secret\11.2.Secret.pod.yaml
		K8S.Yaml\a11.Secret\11.3.Secret.ali.registry.yaml = K8S.Yaml\a11.Secret\11.3.Secret.ali.registry.yaml
	EndProjectSection
EndProject
Project("{2150E333-8FDC-42A3-9474-1A3956D46DE8}") = "a12.ServiceAccount", "a12.ServiceAccount", "{B43B8422-01E3-4FED-8797-203A8BE246F9}"
	ProjectSection(SolutionItems) = preProject
		K8S.Yaml\a12.ServiceAccount\12.0.sa.rabc.secret.yaml = K8S.Yaml\a12.ServiceAccount\12.0.sa.rabc.secret.yaml
		K8S.Yaml\a12.ServiceAccount\12.1.ServiceAccount.yaml = K8S.Yaml\a12.ServiceAccount\12.1.ServiceAccount.yaml
		K8S.Yaml\a12.ServiceAccount\12.3.Secret.ali.registry.deploy.yaml = K8S.Yaml\a12.ServiceAccount\12.3.Secret.ali.registry.deploy.yaml
	EndProjectSection
EndProject
Project("{2150E333-8FDC-42A3-9474-1A3956D46DE8}") = "a13.RABC", "a13.RABC", "{68A9C112-8AE6-4AC3-B2C7-24FEEDB0C7A7}"
	ProjectSection(SolutionItems) = preProject
		K8S.Yaml\a13.RABC\13.0.rabc.yaml = K8S.Yaml\a13.RABC\13.0.rabc.yaml
		K8S.Yaml\a13.RABC\13.2.role.yaml = K8S.Yaml\a13.RABC\13.2.role.yaml
		K8S.Yaml\a13.RABC\13.3.roleBinding.yaml = K8S.Yaml\a13.RABC\13.3.roleBinding.yaml
		K8S.Yaml\a13.RABC\13.4.clusterRole.yaml = K8S.Yaml\a13.RABC\13.4.clusterRole.yaml
		K8S.Yaml\a13.RABC\13.5.clusterRoleBinding.yaml = K8S.Yaml\a13.RABC\13.5.clusterRoleBinding.yaml
	EndProjectSection
EndProject
Project("{2150E333-8FDC-42A3-9474-1A3956D46DE8}") = "Micro.Common", "Micro.Common", "{7CA3451E-E629-47F0-9E56-4F3964D50EF3}"
EndProject
Project("{9A19103F-16F7-4668-BE54-9A1E7A4F7556}") = "Micro.Common.Library", "Micro.Common\Micro.Common.Library\Micro.Common.Library.csproj", "{81056D8F-BA38-4319-A92C-13357D317AB4}"
EndProject
Project("{2150E333-8FDC-42A3-9474-1A3956D46DE8}") = "Dapr.Self.Hosted.Yaml", "Dapr.Self.Hosted.Yaml", "{EC097347-5437-4C02-B0F7-5906D502AE76}"
EndProject
Project("{2150E333-8FDC-42A3-9474-1A3956D46DE8}") = "Jenkins.Share.Library", "Jenkins.Share.Library", "{B335671A-2D88-49DE-86A8-AF9290129067}"
EndProject
Project("{2150E333-8FDC-42A3-9474-1A3956D46DE8}") = "vars", "vars", "{4C802E35-8FD8-4CA5-8E35-91CEC21B13A4}"
	ProjectSection(SolutionItems) = preProject
		Jenkins.Share.Library\vars\dockerImageBuild.groovy = Jenkins.Share.Library\vars\dockerImageBuild.groovy
		Jenkins.Share.Library\vars\dockerLogin.groovy = Jenkins.Share.Library\vars\dockerLogin.groovy
		Jenkins.Share.Library\vars\dockerPush.groovy = Jenkins.Share.Library\vars\dockerPush.groovy
		Jenkins.Share.Library\vars\dockerTag.groovy = Jenkins.Share.Library\vars\dockerTag.groovy
		Jenkins.Share.Library\vars\gitCheckOut.groovy = Jenkins.Share.Library\vars\gitCheckOut.groovy
		Jenkins.Share.Library\vars\harborSecret.groovy = Jenkins.Share.Library\vars\harborSecret.groovy
		Jenkins.Share.Library\vars\jmeterTest.groovy = Jenkins.Share.Library\vars\jmeterTest.groovy
		Jenkins.Share.Library\vars\k8sCheckDeployStatus.groovy = Jenkins.Share.Library\vars\k8sCheckDeployStatus.groovy
		Jenkins.Share.Library\vars\k8sDeploy.groovy = Jenkins.Share.Library\vars\k8sDeploy.groovy
		Jenkins.Share.Library\vars\k8sGenerateYaml.groovy = Jenkins.Share.Library\vars\k8sGenerateYaml.groovy
		Jenkins.Share.Library\vars\run.groovy = Jenkins.Share.Library\vars\run.groovy
	EndProjectSection
EndProject
Project("{2150E333-8FDC-42A3-9474-1A3956D46DE8}") = "Dapr.Yaml", "Dapr.Yaml", "{05D51418-A347-4938-B699-8D6F90C50F7F}"
EndProject
Project("{2150E333-8FDC-42A3-9474-1A3956D46DE8}") = "1.ServiceInvocation", "1.ServiceInvocation", "{68881E23-5C52-4A34-BFDB-2D42C7254A69}"
EndProject
Project("{2150E333-8FDC-42A3-9474-1A3956D46DE8}") = "2.PublishSubscribe", "2.PublishSubscribe", "{7B5A6B12-1595-4EA3-90DB-74F085FAB6E6}"
	ProjectSection(SolutionItems) = preProject
		Dapr.Yaml\2.PublishSubscribe\2.1.redis-pubsub.yaml = Dapr.Yaml\2.PublishSubscribe\2.1.redis-pubsub.yaml
		Dapr.Yaml\2.PublishSubscribe\2.2.redis-pubsub.subscription.yaml = Dapr.Yaml\2.PublishSubscribe\2.2.redis-pubsub.subscription.yaml
	EndProjectSection
EndProject
Project("{2150E333-8FDC-42A3-9474-1A3956D46DE8}") = "3.SecretManagement", "3.SecretManagement", "{676AA6CD-ABEB-4997-98AC-A41652E5F8C6}"
	ProjectSection(SolutionItems) = preProject
		Dapr.Yaml\3.SecretManagement\3.1.localfile.secret.yaml = Dapr.Yaml\3.SecretManagement\3.1.localfile.secret.yaml
		Dapr.Yaml\3.SecretManagement\3.service.all.pod.dapr.yaml = Dapr.Yaml\3.SecretManagement\3.service.all.pod.dapr.yaml
	EndProjectSection
EndProject
Project("{2150E333-8FDC-42A3-9474-1A3956D46DE8}") = "4.InputOutputBindings", "4.InputOutputBindings", "{B739BEAB-74CD-469A-BA20-93372DFB0371}"
	ProjectSection(SolutionItems) = preProject
		Dapr.Yaml\4.InputOutputBindings\4.1.redis-binding.yaml = Dapr.Yaml\4.InputOutputBindings\4.1.redis-binding.yaml
		Dapr.Yaml\4.InputOutputBindings\4.2.rabbitmq.input.binding.yaml = Dapr.Yaml\4.InputOutputBindings\4.2.rabbitmq.input.binding.yaml
		Dapr.Yaml\4.InputOutputBindings\4.3.rabbitmq.output.binding.yaml = Dapr.Yaml\4.InputOutputBindings\4.3.rabbitmq.output.binding.yaml
		Dapr.Yaml\4.InputOutputBindings\4.4.cron.schedule.binding.yaml = Dapr.Yaml\4.InputOutputBindings\4.4.cron.schedule.binding.yaml
	EndProjectSection
EndProject
Project("{2150E333-8FDC-42A3-9474-1A3956D46DE8}") = "5.StateManagement", "5.StateManagement", "{ABBC9EF5-58DC-4885-AE06-B4A31C9E8F70}"
	ProjectSection(SolutionItems) = preProject
		Dapr.Yaml\5.StateManagement\5.1.redis.state.yaml = Dapr.Yaml\5.StateManagement\5.1.redis.state.yaml
		Dapr.Yaml\5.StateManagement\5.1.redis.statestore.yaml = Dapr.Yaml\5.StateManagement\5.1.redis.statestore.yaml
	EndProjectSection
EndProject
Project("{2150E333-8FDC-42A3-9474-1A3956D46DE8}") = "6.VirtualActors", "6.VirtualActors", "{9B6B2544-0E88-4A76-B38E-822727176ABD}"
EndProject
Project("{2150E333-8FDC-42A3-9474-1A3956D46DE8}") = "7.OpenTelemetry", "7.OpenTelemetry", "{4276DF20-AE1A-48CC-A7D6-58DE682E8C8D}"
	ProjectSection(SolutionItems) = preProject
		Dapr.Yaml\7.OpenTelemetry\7.1.jaeger-operator.yaml = Dapr.Yaml\7.OpenTelemetry\7.1.jaeger-operator.yaml
		Dapr.Yaml\7.OpenTelemetry\7.1.jaeger.dapr.yaml = Dapr.Yaml\7.OpenTelemetry\7.1.jaeger.dapr.yaml
	EndProjectSection
EndProject
Project("{2150E333-8FDC-42A3-9474-1A3956D46DE8}") = "8.k8s-dapr", "8.k8s-dapr", "{E03CD5C6-8EEC-45EB-BD84-6393B7F5D4BD}"
	ProjectSection(SolutionItems) = preProject
		Dapr.Yaml\8.k8s-dapr\8.1.deploy.order.dapr.yaml = Dapr.Yaml\8.k8s-dapr\8.1.deploy.order.dapr.yaml
		Dapr.Yaml\8.k8s-dapr\8.2.deploy.hotel.dapr.yaml = Dapr.Yaml\8.k8s-dapr\8.2.deploy.hotel.dapr.yaml
	EndProjectSection
EndProject
Project("{2150E333-8FDC-42A3-9474-1A3956D46DE8}") = "Micro.GateWay.Yapr", "Micro.GateWay.Yapr", "{1C271492-B47F-42FC-983B-D71C8247047B}"
EndProject
Project("{FAE04EC0-301F-11D3-BF4B-00C04F79EFBC}") = "Micro.GateWay.Yapr", "Micro.GateWay.Yapr\Micro.GateWay.Yapr\Micro.GateWay.Yapr.csproj", "{35A25D7B-96A1-4BBD-A5B8-364684C8325E}"
EndProject
Global
	GlobalSection(SolutionConfigurationPlatforms) = preSolution
		Debug|Any CPU = Debug|Any CPU
		Release|Any CPU = Release|Any CPU
	EndGlobalSection
	GlobalSection(ProjectConfigurationPlatforms) = postSolution
		{B6DE1533-6515-4AAE-B55B-41EAD732DC62}.Debug|Any CPU.ActiveCfg = Debug|Any CPU
		{B6DE1533-6515-4AAE-B55B-41EAD732DC62}.Debug|Any CPU.Build.0 = Debug|Any CPU
		{B6DE1533-6515-4AAE-B55B-41EAD732DC62}.Release|Any CPU.ActiveCfg = Release|Any CPU
		{B6DE1533-6515-4AAE-B55B-41EAD732DC62}.Release|Any CPU.Build.0 = Release|Any CPU
		{96755A63-E948-4F08-A6C3-748A9445EF1B}.Debug|Any CPU.ActiveCfg = Debug|Any CPU
		{96755A63-E948-4F08-A6C3-748A9445EF1B}.Debug|Any CPU.Build.0 = Debug|Any CPU
		{96755A63-E948-4F08-A6C3-748A9445EF1B}.Release|Any CPU.ActiveCfg = Release|Any CPU
		{96755A63-E948-4F08-A6C3-748A9445EF1B}.Release|Any CPU.Build.0 = Release|Any CPU
		{81056D8F-BA38-4319-A92C-13357D317AB4}.Debug|Any CPU.ActiveCfg = Debug|Any CPU
		{81056D8F-BA38-4319-A92C-13357D317AB4}.Debug|Any CPU.Build.0 = Debug|Any CPU
		{81056D8F-BA38-4319-A92C-13357D317AB4}.Release|Any CPU.ActiveCfg = Release|Any CPU
		{81056D8F-BA38-4319-A92C-13357D317AB4}.Release|Any CPU.Build.0 = Release|Any CPU
		{35A25D7B-96A1-4BBD-A5B8-364684C8325E}.Debug|Any CPU.ActiveCfg = Debug|Any CPU
		{35A25D7B-96A1-4BBD-A5B8-364684C8325E}.Debug|Any CPU.Build.0 = Debug|Any CPU
		{35A25D7B-96A1-4BBD-A5B8-364684C8325E}.Release|Any CPU.ActiveCfg = Release|Any CPU
		{35A25D7B-96A1-4BBD-A5B8-364684C8325E}.Release|Any CPU.Build.0 = Release|Any CPU
	EndGlobalSection
	GlobalSection(SolutionProperties) = preSolution
		HideSolutionNode = FALSE
	EndGlobalSection
	GlobalSection(NestedProjects) = preSolution
		{B6DE1533-6515-4AAE-B55B-41EAD732DC62} = {F7A6A870-5B01-4916-8A66-C9370E9430E0}
		{96755A63-E948-4F08-A6C3-748A9445EF1B} = {26505A1F-9896-4C64-B4F9-8D3DE03958BC}
		{922BF130-AFED-4123-A648-4F076062C75D} = {9DB1F132-CB6B-434F-A1AD-451C6D2979B5}
		{1469BE78-2027-4EBC-9055-0740BEC59280} = {9DB1F132-CB6B-434F-A1AD-451C6D2979B5}
		{AC641C69-2B69-4DE9-8F80-1E5E65226E2F} = {9DB1F132-CB6B-434F-A1AD-451C6D2979B5}
		{60193563-244B-4F1F-89D2-34C6EEDDCF7E} = {9DB1F132-CB6B-434F-A1AD-451C6D2979B5}
		{C58BA7AB-71CA-4359-A6CE-54B4833B26DF} = {9DB1F132-CB6B-434F-A1AD-451C6D2979B5}
		{B187012A-7A28-46C6-956C-D959EEA77E01} = {9DB1F132-CB6B-434F-A1AD-451C6D2979B5}
		{C2827D1E-00FA-43E9-BF1C-CCA17BB8FF90} = {9DB1F132-CB6B-434F-A1AD-451C6D2979B5}
		{AD05F81A-A93A-41D3-BBCD-02A79C616157} = {9DB1F132-CB6B-434F-A1AD-451C6D2979B5}
		{4279ACD2-3969-437C-A4F4-0FC4D532105C} = {9DB1F132-CB6B-434F-A1AD-451C6D2979B5}
		{8589EDD3-BC9D-45E4-AC2B-4F7F91694701} = {9DB1F132-CB6B-434F-A1AD-451C6D2979B5}
		{A9938399-3098-4A9E-B3AF-EBCC646A58EA} = {9DB1F132-CB6B-434F-A1AD-451C6D2979B5}
		{B43B8422-01E3-4FED-8797-203A8BE246F9} = {9DB1F132-CB6B-434F-A1AD-451C6D2979B5}
		{68A9C112-8AE6-4AC3-B2C7-24FEEDB0C7A7} = {9DB1F132-CB6B-434F-A1AD-451C6D2979B5}
		{81056D8F-BA38-4319-A92C-13357D317AB4} = {7CA3451E-E629-47F0-9E56-4F3964D50EF3}
		{4C802E35-8FD8-4CA5-8E35-91CEC21B13A4} = {B335671A-2D88-49DE-86A8-AF9290129067}
		{68881E23-5C52-4A34-BFDB-2D42C7254A69} = {05D51418-A347-4938-B699-8D6F90C50F7F}
		{7B5A6B12-1595-4EA3-90DB-74F085FAB6E6} = {05D51418-A347-4938-B699-8D6F90C50F7F}
		{676AA6CD-ABEB-4997-98AC-A41652E5F8C6} = {05D51418-A347-4938-B699-8D6F90C50F7F}
		{B739BEAB-74CD-469A-BA20-93372DFB0371} = {05D51418-A347-4938-B699-8D6F90C50F7F}
		{ABBC9EF5-58DC-4885-AE06-B4A31C9E8F70} = {05D51418-A347-4938-B699-8D6F90C50F7F}
		{9B6B2544-0E88-4A76-B38E-822727176ABD} = {05D51418-A347-4938-B699-8D6F90C50F7F}
		{4276DF20-AE1A-48CC-A7D6-58DE682E8C8D} = {05D51418-A347-4938-B699-8D6F90C50F7F}
		{E03CD5C6-8EEC-45EB-BD84-6393B7F5D4BD} = {05D51418-A347-4938-B699-8D6F90C50F7F}
		{35A25D7B-96A1-4BBD-A5B8-364684C8325E} = {1C271492-B47F-42FC-983B-D71C8247047B}
	EndGlobalSection
	GlobalSection(ExtensibilityGlobals) = postSolution
		SolutionGuid = {C247C2C8-6937-4E8E-8D00-5853EB8CDC7F}
	EndGlobalSection
EndGlobal
