
Microsoft Visual Studio Solution File, Format Version 12.00
# Visual Studio Version 17
VisualStudioVersion = 17.2.32210.308
MinimumVisualStudioVersion = 10.0.40219.1
Project("{2150E333-8FDC-42A3-9474-1A3956D46DE8}") = "Micro.Hotel.API", "Micro.Hotel.API", "{F7A6A870-5B01-4916-8A66-C9370E9430E0}"
EndProject
Project("{9A19103F-16F7-4668-BE54-9A1E7A4F7556}") = "Micro.Hotel.API", "Micro.Hotel.API\Micro.Hotel.API.csproj", "{B6DE1533-6515-4AAE-B55B-41EAD732DC62}"
EndProject
Project("{2150E333-8FDC-42A3-9474-1A3956D46DE8}") = "Micro.Order.API", "Micro.Order.API", "{26505A1F-9896-4C64-B4F9-8D3DE03958BC}"
EndProject
Project("{9A19103F-16F7-4668-BE54-9A1E7A4F7556}") = "Micro.Order.API", "Micro.Order.API\Micro.Order.API.csproj", "{96755A63-E948-4F08-A6C3-748A9445EF1B}"
EndProject
Project("{9A19103F-16F7-4668-BE54-9A1E7A4F7556}") = "Micro.Public.API", "Micro.Public.API\Micro.Public.API.csproj", "{F4EED9C1-E3E8-4C1B-B520-898CC9759656}"
EndProject
Project("{2150E333-8FDC-42A3-9474-1A3956D46DE8}") = "K8S.Yaml", "K8S.Yaml", "{9DB1F132-CB6B-434F-A1AD-451C6D2979B5}"
	ProjectSection(SolutionItems) = preProject
		3.service.all.pod.dapr.yaml = 3.service.all.pod.dapr.yaml
	EndProjectSection
EndProject
Project("{2150E333-8FDC-42A3-9474-1A3956D46DE8}") = "1.pod", "1.pod", "{922BF130-AFED-4123-A648-4F076062C75D}"
	ProjectSection(SolutionItems) = preProject
		1.pod.hotel.yaml = 1.pod.hotel.yaml
		2.namespace.yaml = 2.namespace.yaml
		3.pod.two.container.resources.yaml = 3.pod.two.container.resources.yaml
		4.pod.two.container.livenessProbe.yaml = 4.pod.two.container.livenessProbe.yaml
		5.pod.two.container.senior.yaml = 5.pod.two.container.senior.yaml
	EndProjectSection
EndProject
Project("{2150E333-8FDC-42A3-9474-1A3956D46DE8}") = "3.service", "3.service", "{1469BE78-2027-4EBC-9055-0740BEC59280}"
	ProjectSection(SolutionItems) = preProject
		1.service.hotel.yaml = 1.service.hotel.yaml
		2.service.hotel.nodeport.yaml = 2.service.hotel.nodeport.yaml
	EndProjectSection
EndProject
Project("{2150E333-8FDC-42A3-9474-1A3956D46DE8}") = "2.deployment", "2.deployment", "{AC641C69-2B69-4DE9-8F80-1E5E65226E2F}"
	ProjectSection(SolutionItems) = preProject
		1.deploy.hotel.yaml = 1.deploy.hotel.yaml
		2.deploy.hotel.container.yaml = 2.deploy.hotel.container.yaml
	EndProjectSection
EndProject
Project("{2150E333-8FDC-42A3-9474-1A3956D46DE8}") = "4.ingress", "4.ingress", "{60193563-244B-4F1F-89D2-34C6EEDDCF7E}"
	ProjectSection(SolutionItems) = preProject
		0.ingress.yaml = 0.ingress.yaml
		1.ingress.hotel.nginx.yaml = 1.ingress.hotel.nginx.yaml
		2.ingress.hotel.nginx.ssl.yaml = 2.ingress.hotel.nginx.ssl.yaml
	EndProjectSection
EndProject
Project("{2150E333-8FDC-42A3-9474-1A3956D46DE8}") = "5.horizontalPodAutoscaler", "5.horizontalPodAutoscaler", "{C58BA7AB-71CA-4359-A6CE-54B4833B26DF}"
	ProjectSection(SolutionItems) = preProject
		1.hpa.hotel.yaml = 1.hpa.hotel.yaml
		2.hpa.hotel.senior.yaml = 2.hpa.hotel.senior.yaml
	EndProjectSection
EndProject
Project("{2150E333-8FDC-42A3-9474-1A3956D46DE8}") = "6.ResourceQuota", "6.ResourceQuota", "{B187012A-7A28-46C6-956C-D959EEA77E01}"
	ProjectSection(SolutionItems) = preProject
		1.rq.homeinns.pms.yaml = 1.rq.homeinns.pms.yaml
		2.rq.homeinns.pms.senior.yaml = 2.rq.homeinns.pms.senior.yaml
		3.rq.homeinns.pms.senior.tenant.yaml = 3.rq.homeinns.pms.senior.tenant.yaml
	EndProjectSection
EndProject
Project("{2150E333-8FDC-42A3-9474-1A3956D46DE8}") = "7.Schedule", "7.Schedule", "{C2827D1E-00FA-43E9-BF1C-CCA17BB8FF90}"
	ProjectSection(SolutionItems) = preProject
		0.node.labels.taint.yaml = 0.node.labels.taint.yaml
		1.schedule.pod.yaml = 1.schedule.pod.yaml
		2.schedule.pod.affinity.yaml = 2.schedule.pod.affinity.yaml
		3.schedule.pod.tolerations.yaml = 3.schedule.pod.tolerations.yaml
	EndProjectSection
EndProject
Project("{2150E333-8FDC-42A3-9474-1A3956D46DE8}") = "8.Storage", "8.Storage", "{AD05F81A-A93A-41D3-BBCD-02A79C616157}"
	ProjectSection(SolutionItems) = preProject
		0.storage.nfs.yaml = 0.storage.nfs.yaml
		1.emptydir.pod.yaml = 1.emptydir.pod.yaml
		2.hostPath.pod.yaml = 2.hostPath.pod.yaml
		3.nfs.deployment.yaml = 3.nfs.deployment.yaml
	EndProjectSection
EndProject
Project("{2150E333-8FDC-42A3-9474-1A3956D46DE8}") = "9.PV-PVC-StorageClass", "9.PV-PVC-StorageClass", "{4279ACD2-3969-437C-A4F4-0FC4D532105C}"
	ProjectSection(SolutionItems) = preProject
		0.pv.pvc.storageClass.yaml = 0.pv.pvc.storageClass.yaml
		1.PersistentVolume.hotel.yaml = 1.PersistentVolume.hotel.yaml
		2.PersistentVolumeClaim.hotel.yaml = 2.PersistentVolumeClaim.hotel.yaml
		3.PersistentVolumeClaim.hotel.pod.yaml = 3.PersistentVolumeClaim.hotel.pod.yaml
		4.a.StorageClass.NFS.RABC.yaml = 4.a.StorageClass.NFS.RABC.yaml
		4.b.StorageClass.hotel.deploy.yaml = 4.b.StorageClass.hotel.deploy.yaml
	EndProjectSection
EndProject
Project("{2150E333-8FDC-42A3-9474-1A3956D46DE8}") = "Dapr.Yaml", "Dapr.Yaml", "{1B728591-8028-4023-BB37-62BA360EFEB9}"
EndProject
Project("{2150E333-8FDC-42A3-9474-1A3956D46DE8}") = "a10.ConfigMap", "a10.ConfigMap", "{8589EDD3-BC9D-45E4-AC2B-4F7F91694701}"
	ProjectSection(SolutionItems) = preProject
		0.configmap.yaml = 0.configmap.yaml
		1.configMap.yaml = 1.configMap.yaml
		2.configMap.pod.yaml = 2.configMap.pod.yaml
	EndProjectSection
EndProject
Project("{2150E333-8FDC-42A3-9474-1A3956D46DE8}") = "a11.Secret", "a11.Secret", "{A9938399-3098-4A9E-B3AF-EBCC646A58EA}"
	ProjectSection(SolutionItems) = preProject
		1.Secret.yaml = 1.Secret.yaml
		2.Secret.pod.yaml = 2.Secret.pod.yaml
		3.Secret.ali.registry.yaml = 3.Secret.ali.registry.yaml
	EndProjectSection
EndProject
Project("{2150E333-8FDC-42A3-9474-1A3956D46DE8}") = "a12.ServiceAccount", "a12.ServiceAccount", "{B43B8422-01E3-4FED-8797-203A8BE246F9}"
	ProjectSection(SolutionItems) = preProject
		0.sa.rabc.secret.yaml = 0.sa.rabc.secret.yaml
		1.ServiceAccount.yaml = 1.ServiceAccount.yaml
		4.Secret.ali.registry.deploy.yaml = 4.Secret.ali.registry.deploy.yaml
	EndProjectSection
EndProject
Project("{2150E333-8FDC-42A3-9474-1A3956D46DE8}") = "a13.RABC", "a13.RABC", "{68A9C112-8AE6-4AC3-B2C7-24FEEDB0C7A7}"
	ProjectSection(SolutionItems) = preProject
		0.rabc.yaml = 0.rabc.yaml
		2.role.yaml = 2.role.yaml
		3.roleBinding.yaml = 3.roleBinding.yaml
		4.clusterRole.yaml = 4.clusterRole.yaml
		5.clusterRoleBinding.yaml = 5.clusterRoleBinding.yaml
	EndProjectSection
EndProject
Project("{2150E333-8FDC-42A3-9474-1A3956D46DE8}") = "Micro.Common", "Micro.Common", "{7CA3451E-E629-47F0-9E56-4F3964D50EF3}"
EndProject
Project("{9A19103F-16F7-4668-BE54-9A1E7A4F7556}") = "Micro.Common.Library", "Micro.Common\Micro.Common.Library\Micro.Common.Library.csproj", "{81056D8F-BA38-4319-A92C-13357D317AB4}"
EndProject
Project("{9A19103F-16F7-4668-BE54-9A1E7A4F7556}") = "Micro.WebApplication", "Micro.WebApplication\Micro.WebApplication.csproj", "{E9ADF51A-770B-4CDA-A6CE-9AE193F589E0}"
EndProject
Project("{2150E333-8FDC-42A3-9474-1A3956D46DE8}") = "1.ServiceInvocation", "1.ServiceInvocation", "{BB8F1E88-46BC-4C46-98E0-4CBD94F8121D}"
EndProject
Project("{2150E333-8FDC-42A3-9474-1A3956D46DE8}") = "2.PublishSubscribe", "2.PublishSubscribe", "{0C3C5B8F-B41D-4299-9776-5DF8E574E533}"
	ProjectSection(SolutionItems) = preProject
		1.redis-pubsub.yaml = 1.redis-pubsub.yaml
		2.redis-pubsub.subscription.yaml = 2.redis-pubsub.subscription.yaml
	EndProjectSection
EndProject
Project("{2150E333-8FDC-42A3-9474-1A3956D46DE8}") = "3.SecretManagement", "3.SecretManagement", "{606A4445-244D-43B8-815B-9E83717C4333}"
	ProjectSection(SolutionItems) = preProject
		1.localfile.secret.yaml = 1.localfile.secret.yaml
	EndProjectSection
EndProject
Project("{2150E333-8FDC-42A3-9474-1A3956D46DE8}") = "4.InputOutputBindings", "4.InputOutputBindings", "{4B156D94-04F9-4A90-9360-9E9D75C41A1D}"
	ProjectSection(SolutionItems) = preProject
		1.redis-binding.yaml = 1.redis-binding.yaml
		2.rabbitmq.input.binding.yaml = 2.rabbitmq.input.binding.yaml
		3.rabbitmq.output.binding.yaml = 3.rabbitmq.output.binding.yaml
		4..cron.schedule.binding.yaml = 4..cron.schedule.binding.yaml
	EndProjectSection
EndProject
Project("{2150E333-8FDC-42A3-9474-1A3956D46DE8}") = "5.StateManagement", "5.StateManagement", "{A113AA4A-761B-4CD4-932D-F26C3B2171A2}"
	ProjectSection(SolutionItems) = preProject
		1.redis.state.yaml = 1.redis.state.yaml
		1.redis.statestore.yaml = 1.redis.statestore.yaml
	EndProjectSection
EndProject
Project("{2150E333-8FDC-42A3-9474-1A3956D46DE8}") = "6.VirtualActors", "6.VirtualActors", "{DDE8EC2C-51A9-4E7B-B370-D51C34645048}"
EndProject
Project("{2150E333-8FDC-42A3-9474-1A3956D46DE8}") = "Dapr.Self.Hosted.Yaml", "Dapr.Self.Hosted.Yaml", "{EC097347-5437-4C02-B0F7-5906D502AE76}"
EndProject
Project("{2150E333-8FDC-42A3-9474-1A3956D46DE8}") = "8.k8s-dapr", "8.k8s-dapr", "{ACF477EF-22D4-4D84-82C4-16A1F652644E}"
	ProjectSection(SolutionItems) = preProject
		1.deploy.order.dapr.yaml = 1.deploy.order.dapr.yaml
		2.deploy.hotel.dapr.yaml = 2.deploy.hotel.dapr.yaml
		3.service.all.pod.dapr.yaml = 3.service.all.pod.dapr.yaml
	EndProjectSection
EndProject
Project("{2150E333-8FDC-42A3-9474-1A3956D46DE8}") = "7.OpenTelemetry", "7.OpenTelemetry", "{420BC4F1-EC92-4D65-8270-2AB96AA07DD4}"
	ProjectSection(SolutionItems) = preProject
		1.jaeger-operator.yaml = 1.jaeger-operator.yaml
		1.jaeger.dapr.yaml = 1.jaeger.dapr.yaml
	EndProjectSection
EndProject
Project("{2150E333-8FDC-42A3-9474-1A3956D46DE8}") = "Jenkins.Share.Library", "Jenkins.Share.Library", "{B335671A-2D88-49DE-86A8-AF9290129067}"
EndProject
Project("{2150E333-8FDC-42A3-9474-1A3956D46DE8}") = "vars", "vars", "{4C802E35-8FD8-4CA5-8E35-91CEC21B13A4}"
	ProjectSection(SolutionItems) = preProject
		Jenkins.Share.Library\vars\dockerImageBuild.groovy = Jenkins.Share.Library\vars\dockerImageBuild.groovy
		Jenkins.Share.Library\vars\dockerLogin.groovy = Jenkins.Share.Library\vars\dockerLogin.groovy
		Jenkins.Share.Library\vars\dockerPush.groovy = Jenkins.Share.Library\vars\dockerPush.groovy
		Jenkins.Share.Library\vars\dockerTag.groovy = Jenkins.Share.Library\vars\dockerTag.groovy
		Jenkins.Share.Library\vars\gitCheckOut.groovy = Jenkins.Share.Library\vars\gitCheckOut.groovy
		Jenkins.Share.Library\vars\harborSecret.groovy = Jenkins.Share.Library\vars\harborSecret.groovy
		Jenkins.Share.Library\vars\jmeterTest.groovy = Jenkins.Share.Library\vars\jmeterTest.groovy
		Jenkins.Share.Library\vars\k8sCheckDeployStatus.groovy = Jenkins.Share.Library\vars\k8sCheckDeployStatus.groovy
		Jenkins.Share.Library\vars\k8sDeploy.groovy = Jenkins.Share.Library\vars\k8sDeploy.groovy
		Jenkins.Share.Library\vars\k8sGenerateYaml.groovy = Jenkins.Share.Library\vars\k8sGenerateYaml.groovy
		Jenkins.Share.Library\vars\run.groovy = Jenkins.Share.Library\vars\run.groovy
	EndProjectSection
EndProject
Global
	GlobalSection(SolutionConfigurationPlatforms) = preSolution
		Debug|Any CPU = Debug|Any CPU
		Release|Any CPU = Release|Any CPU
	EndGlobalSection
	GlobalSection(ProjectConfigurationPlatforms) = postSolution
		{B6DE1533-6515-4AAE-B55B-41EAD732DC62}.Debug|Any CPU.ActiveCfg = Debug|Any CPU
		{B6DE1533-6515-4AAE-B55B-41EAD732DC62}.Debug|Any CPU.Build.0 = Debug|Any CPU
		{B6DE1533-6515-4AAE-B55B-41EAD732DC62}.Release|Any CPU.ActiveCfg = Release|Any CPU
		{B6DE1533-6515-4AAE-B55B-41EAD732DC62}.Release|Any CPU.Build.0 = Release|Any CPU
		{96755A63-E948-4F08-A6C3-748A9445EF1B}.Debug|Any CPU.ActiveCfg = Debug|Any CPU
		{96755A63-E948-4F08-A6C3-748A9445EF1B}.Debug|Any CPU.Build.0 = Debug|Any CPU
		{96755A63-E948-4F08-A6C3-748A9445EF1B}.Release|Any CPU.ActiveCfg = Release|Any CPU
		{96755A63-E948-4F08-A6C3-748A9445EF1B}.Release|Any CPU.Build.0 = Release|Any CPU
		{F4EED9C1-E3E8-4C1B-B520-898CC9759656}.Debug|Any CPU.ActiveCfg = Debug|Any CPU
		{F4EED9C1-E3E8-4C1B-B520-898CC9759656}.Debug|Any CPU.Build.0 = Debug|Any CPU
		{F4EED9C1-E3E8-4C1B-B520-898CC9759656}.Release|Any CPU.ActiveCfg = Release|Any CPU
		{F4EED9C1-E3E8-4C1B-B520-898CC9759656}.Release|Any CPU.Build.0 = Release|Any CPU
		{81056D8F-BA38-4319-A92C-13357D317AB4}.Debug|Any CPU.ActiveCfg = Debug|Any CPU
		{81056D8F-BA38-4319-A92C-13357D317AB4}.Debug|Any CPU.Build.0 = Debug|Any CPU
		{81056D8F-BA38-4319-A92C-13357D317AB4}.Release|Any CPU.ActiveCfg = Release|Any CPU
		{81056D8F-BA38-4319-A92C-13357D317AB4}.Release|Any CPU.Build.0 = Release|Any CPU
		{E9ADF51A-770B-4CDA-A6CE-9AE193F589E0}.Debug|Any CPU.ActiveCfg = Debug|Any CPU
		{E9ADF51A-770B-4CDA-A6CE-9AE193F589E0}.Debug|Any CPU.Build.0 = Debug|Any CPU
		{E9ADF51A-770B-4CDA-A6CE-9AE193F589E0}.Release|Any CPU.ActiveCfg = Release|Any CPU
		{E9ADF51A-770B-4CDA-A6CE-9AE193F589E0}.Release|Any CPU.Build.0 = Release|Any CPU
	EndGlobalSection
	GlobalSection(SolutionProperties) = preSolution
		HideSolutionNode = FALSE
	EndGlobalSection
	GlobalSection(NestedProjects) = preSolution
		{B6DE1533-6515-4AAE-B55B-41EAD732DC62} = {F7A6A870-5B01-4916-8A66-C9370E9430E0}
		{96755A63-E948-4F08-A6C3-748A9445EF1B} = {26505A1F-9896-4C64-B4F9-8D3DE03958BC}
		{922BF130-AFED-4123-A648-4F076062C75D} = {9DB1F132-CB6B-434F-A1AD-451C6D2979B5}
		{1469BE78-2027-4EBC-9055-0740BEC59280} = {9DB1F132-CB6B-434F-A1AD-451C6D2979B5}
		{AC641C69-2B69-4DE9-8F80-1E5E65226E2F} = {9DB1F132-CB6B-434F-A1AD-451C6D2979B5}
		{60193563-244B-4F1F-89D2-34C6EEDDCF7E} = {9DB1F132-CB6B-434F-A1AD-451C6D2979B5}
		{C58BA7AB-71CA-4359-A6CE-54B4833B26DF} = {9DB1F132-CB6B-434F-A1AD-451C6D2979B5}
		{B187012A-7A28-46C6-956C-D959EEA77E01} = {9DB1F132-CB6B-434F-A1AD-451C6D2979B5}
		{C2827D1E-00FA-43E9-BF1C-CCA17BB8FF90} = {9DB1F132-CB6B-434F-A1AD-451C6D2979B5}
		{AD05F81A-A93A-41D3-BBCD-02A79C616157} = {9DB1F132-CB6B-434F-A1AD-451C6D2979B5}
		{4279ACD2-3969-437C-A4F4-0FC4D532105C} = {9DB1F132-CB6B-434F-A1AD-451C6D2979B5}
		{8589EDD3-BC9D-45E4-AC2B-4F7F91694701} = {9DB1F132-CB6B-434F-A1AD-451C6D2979B5}
		{A9938399-3098-4A9E-B3AF-EBCC646A58EA} = {9DB1F132-CB6B-434F-A1AD-451C6D2979B5}
		{B43B8422-01E3-4FED-8797-203A8BE246F9} = {9DB1F132-CB6B-434F-A1AD-451C6D2979B5}
		{68A9C112-8AE6-4AC3-B2C7-24FEEDB0C7A7} = {9DB1F132-CB6B-434F-A1AD-451C6D2979B5}
		{81056D8F-BA38-4319-A92C-13357D317AB4} = {7CA3451E-E629-47F0-9E56-4F3964D50EF3}
		{BB8F1E88-46BC-4C46-98E0-4CBD94F8121D} = {1B728591-8028-4023-BB37-62BA360EFEB9}
		{0C3C5B8F-B41D-4299-9776-5DF8E574E533} = {1B728591-8028-4023-BB37-62BA360EFEB9}
		{606A4445-244D-43B8-815B-9E83717C4333} = {1B728591-8028-4023-BB37-62BA360EFEB9}
		{4B156D94-04F9-4A90-9360-9E9D75C41A1D} = {1B728591-8028-4023-BB37-62BA360EFEB9}
		{A113AA4A-761B-4CD4-932D-F26C3B2171A2} = {1B728591-8028-4023-BB37-62BA360EFEB9}
		{DDE8EC2C-51A9-4E7B-B370-D51C34645048} = {1B728591-8028-4023-BB37-62BA360EFEB9}
		{ACF477EF-22D4-4D84-82C4-16A1F652644E} = {1B728591-8028-4023-BB37-62BA360EFEB9}
		{420BC4F1-EC92-4D65-8270-2AB96AA07DD4} = {1B728591-8028-4023-BB37-62BA360EFEB9}
		{4C802E35-8FD8-4CA5-8E35-91CEC21B13A4} = {B335671A-2D88-49DE-86A8-AF9290129067}
	EndGlobalSection
	GlobalSection(ExtensibilityGlobals) = postSolution
		SolutionGuid = {C247C2C8-6937-4E8E-8D00-5853EB8CDC7F}
	EndGlobalSection
EndGlobal
